
Microsoft Visual Studio Solution File, Format Version 12.00
# Visual Studio Version 17
VisualStudioVersion = 17.0.31717.71
MinimumVisualStudioVersion = 10.0.40219.1
Project("{8BC9CEB8-8B4A-11D0-8D11-00A0C91BC942}") = "vulkan_ex1", "vulkan_ex1\vulkan_ex1.vcxproj", "{5F17EB86-3FE9-4813-9EC0-3907DFC031A6}"
EndProject
Project("{8BC9CEB8-8B4A-11D0-8D11-00A0C91BC942}") = "vulkan_ex2", "vulkan_ex2\vulkan_ex2.vcxproj", "{B17C3EB1-2395-46A3-AD30-A1EBCD9FF9CD}"
EndProject
Project("{8BC9CEB8-8B4A-11D0-8D11-00A0C91BC942}") = "vulkan_ex3", "vulkan_ex3\vulkan_ex3.vcxproj", "{299B5B6D-30A9-46DF-A0CB-8E58487288B9}"
EndProject
Project("{8BC9CEB8-8B4A-11D0-8D11-00A0C91BC942}") = "vulkan_ex4", "vulkan_ex4\vulkan_ex4.vcxproj", "{66287A9B-753D-4D29-B5CF-162101D8882F}"
EndProject
Project("{8BC9CEB8-8B4A-11D0-8D11-00A0C91BC942}") = "lecacy_modern_cpp", "lecacy_modern_cpp\lecacy_modern_cpp.vcxproj", "{5006E993-1BAC-42BC-9BF8-C2643EDCE11C}"
EndProject
Project("{8BC9CEB8-8B4A-11D0-8D11-00A0C91BC942}") = "vulkan_ex5", "vulkan_ex5\vulkan_ex5.vcxproj", "{CD8B34F1-8704-4131-BB80-BE2FC9C0DFB2}"
EndProject
Project("{8BC9CEB8-8B4A-11D0-8D11-00A0C91BC942}") = "vulkan_ex6", "vulkan_ex6\vulkan_ex6.vcxproj", "{E1EC5F42-DCE6-4358-B1F6-9D1364BAB5B4}"
EndProject
Project("{8BC9CEB8-8B4A-11D0-8D11-00A0C91BC942}") = "vulkan_ex7", "vulkan_ex7\vulkan_ex7.vcxproj", "{B0F2366B-E107-488F-8F13-5EC834BBF62F}"
EndProject
Project("{8BC9CEB8-8B4A-11D0-8D11-00A0C91BC942}") = "vulkan_project1", "vulkan_project1\vulkan_project1.vcxproj", "{C471F634-A03B-4730-A453-9390108BAD9D}"
EndProject
Project("{8BC9CEB8-8B4A-11D0-8D11-00A0C91BC942}") = "vulkan_project2", "vulkan_project2\vulkan_project2.vcxproj", "{ADAF8766-557D-4223-B773-34D50D72A95D}"
EndProject
Project("{8BC9CEB8-8B4A-11D0-8D11-00A0C91BC942}") = "vulkan_project3", "vulkan_project3\vulkan_project3.vcxproj", "{0AA0A1BF-5AA4-4A46-A84E-DF1C8B9E72AE}"
EndProject
Project("{8BC9CEB8-8B4A-11D0-8D11-00A0C91BC942}") = "vulkan_project2.2", "vulkan_project2.2\vulkan_project2.2.vcxproj", "{E74051E3-D78A-458F-84DE-6A1509F41A61}"
EndProject
Project("{8BC9CEB8-8B4A-11D0-8D11-00A0C91BC942}") = "Vulkan Raytracing Test", "Vulkan Raytracing Test\Vulkan Raytracing Test.vcxproj", "{4D4E67AC-EFBD-44E9-8D11-3960F163C1E1}"
EndProject
Project("{8BC9CEB8-8B4A-11D0-8D11-00A0C91BC942}") = "vulkan_project2_spaceship", "vulkan_project2_spaceship\vulkan_project2_spaceship.vcxproj", "{5F9ABB82-54B5-48CA-B5A5-12164844F61F}"
EndProject
Global
	GlobalSection(SolutionConfigurationPlatforms) = preSolution
		Debug|x64 = Debug|x64
		Debug|x86 = Debug|x86
		Release|x64 = Release|x64
		Release|x86 = Release|x86
	EndGlobalSection
	GlobalSection(ProjectConfigurationPlatforms) = postSolution
		{5F17EB86-3FE9-4813-9EC0-3907DFC031A6}.Debug|x64.ActiveCfg = Debug|x64
		{5F17EB86-3FE9-4813-9EC0-3907DFC031A6}.Debug|x64.Build.0 = Debug|x64
		{5F17EB86-3FE9-4813-9EC0-3907DFC031A6}.Debug|x86.ActiveCfg = Debug|Win32
		{5F17EB86-3FE9-4813-9EC0-3907DFC031A6}.Debug|x86.Build.0 = Debug|Win32
		{5F17EB86-3FE9-4813-9EC0-3907DFC031A6}.Release|x64.ActiveCfg = Release|x64
		{5F17EB86-3FE9-4813-9EC0-3907DFC031A6}.Release|x64.Build.0 = Release|x64
		{5F17EB86-3FE9-4813-9EC0-3907DFC031A6}.Release|x86.ActiveCfg = Release|Win32
		{5F17EB86-3FE9-4813-9EC0-3907DFC031A6}.Release|x86.Build.0 = Release|Win32
		{B17C3EB1-2395-46A3-AD30-A1EBCD9FF9CD}.Debug|x64.ActiveCfg = Debug|x64
		{B17C3EB1-2395-46A3-AD30-A1EBCD9FF9CD}.Debug|x64.Build.0 = Debug|x64
		{B17C3EB1-2395-46A3-AD30-A1EBCD9FF9CD}.Debug|x86.ActiveCfg = Debug|Win32
		{B17C3EB1-2395-46A3-AD30-A1EBCD9FF9CD}.Debug|x86.Build.0 = Debug|Win32
		{B17C3EB1-2395-46A3-AD30-A1EBCD9FF9CD}.Release|x64.ActiveCfg = Release|x64
		{B17C3EB1-2395-46A3-AD30-A1EBCD9FF9CD}.Release|x64.Build.0 = Release|x64
		{B17C3EB1-2395-46A3-AD30-A1EBCD9FF9CD}.Release|x86.ActiveCfg = Release|Win32
		{B17C3EB1-2395-46A3-AD30-A1EBCD9FF9CD}.Release|x86.Build.0 = Release|Win32
		{299B5B6D-30A9-46DF-A0CB-8E58487288B9}.Debug|x64.ActiveCfg = Debug|x64
		{299B5B6D-30A9-46DF-A0CB-8E58487288B9}.Debug|x64.Build.0 = Debug|x64
		{299B5B6D-30A9-46DF-A0CB-8E58487288B9}.Debug|x86.ActiveCfg = Debug|Win32
		{299B5B6D-30A9-46DF-A0CB-8E58487288B9}.Debug|x86.Build.0 = Debug|Win32
		{299B5B6D-30A9-46DF-A0CB-8E58487288B9}.Release|x64.ActiveCfg = Release|x64
		{299B5B6D-30A9-46DF-A0CB-8E58487288B9}.Release|x64.Build.0 = Release|x64
		{299B5B6D-30A9-46DF-A0CB-8E58487288B9}.Release|x86.ActiveCfg = Release|Win32
		{299B5B6D-30A9-46DF-A0CB-8E58487288B9}.Release|x86.Build.0 = Release|Win32
		{66287A9B-753D-4D29-B5CF-162101D8882F}.Debug|x64.ActiveCfg = Debug|x64
		{66287A9B-753D-4D29-B5CF-162101D8882F}.Debug|x64.Build.0 = Debug|x64
		{66287A9B-753D-4D29-B5CF-162101D8882F}.Debug|x86.ActiveCfg = Debug|Win32
		{66287A9B-753D-4D29-B5CF-162101D8882F}.Debug|x86.Build.0 = Debug|Win32
		{66287A9B-753D-4D29-B5CF-162101D8882F}.Release|x64.ActiveCfg = Release|x64
		{66287A9B-753D-4D29-B5CF-162101D8882F}.Release|x64.Build.0 = Release|x64
		{66287A9B-753D-4D29-B5CF-162101D8882F}.Release|x86.ActiveCfg = Release|Win32
		{66287A9B-753D-4D29-B5CF-162101D8882F}.Release|x86.Build.0 = Release|Win32
		{5006E993-1BAC-42BC-9BF8-C2643EDCE11C}.Debug|x64.ActiveCfg = Debug|x64
		{5006E993-1BAC-42BC-9BF8-C2643EDCE11C}.Debug|x64.Build.0 = Debug|x64
		{5006E993-1BAC-42BC-9BF8-C2643EDCE11C}.Debug|x86.ActiveCfg = Debug|Win32
		{5006E993-1BAC-42BC-9BF8-C2643EDCE11C}.Debug|x86.Build.0 = Debug|Win32
		{5006E993-1BAC-42BC-9BF8-C2643EDCE11C}.Release|x64.ActiveCfg = Release|x64
		{5006E993-1BAC-42BC-9BF8-C2643EDCE11C}.Release|x64.Build.0 = Release|x64
		{5006E993-1BAC-42BC-9BF8-C2643EDCE11C}.Release|x86.ActiveCfg = Release|Win32
		{5006E993-1BAC-42BC-9BF8-C2643EDCE11C}.Release|x86.Build.0 = Release|Win32
		{CD8B34F1-8704-4131-BB80-BE2FC9C0DFB2}.Debug|x64.ActiveCfg = Debug|x64
		{CD8B34F1-8704-4131-BB80-BE2FC9C0DFB2}.Debug|x64.Build.0 = Debug|x64
		{CD8B34F1-8704-4131-BB80-BE2FC9C0DFB2}.Debug|x86.ActiveCfg = Debug|Win32
		{CD8B34F1-8704-4131-BB80-BE2FC9C0DFB2}.Debug|x86.Build.0 = Debug|Win32
		{CD8B34F1-8704-4131-BB80-BE2FC9C0DFB2}.Release|x64.ActiveCfg = Release|x64
		{CD8B34F1-8704-4131-BB80-BE2FC9C0DFB2}.Release|x64.Build.0 = Release|x64
		{CD8B34F1-8704-4131-BB80-BE2FC9C0DFB2}.Release|x86.ActiveCfg = Release|Win32
		{CD8B34F1-8704-4131-BB80-BE2FC9C0DFB2}.Release|x86.Build.0 = Release|Win32
		{E1EC5F42-DCE6-4358-B1F6-9D1364BAB5B4}.Debug|x64.ActiveCfg = Debug|x64
		{E1EC5F42-DCE6-4358-B1F6-9D1364BAB5B4}.Debug|x64.Build.0 = Debug|x64
		{E1EC5F42-DCE6-4358-B1F6-9D1364BAB5B4}.Debug|x86.ActiveCfg = Debug|Win32
		{E1EC5F42-DCE6-4358-B1F6-9D1364BAB5B4}.Debug|x86.Build.0 = Debug|Win32
		{E1EC5F42-DCE6-4358-B1F6-9D1364BAB5B4}.Release|x64.ActiveCfg = Release|x64
		{E1EC5F42-DCE6-4358-B1F6-9D1364BAB5B4}.Release|x64.Build.0 = Release|x64
		{E1EC5F42-DCE6-4358-B1F6-9D1364BAB5B4}.Release|x86.ActiveCfg = Release|Win32
		{E1EC5F42-DCE6-4358-B1F6-9D1364BAB5B4}.Release|x86.Build.0 = Release|Win32
		{B0F2366B-E107-488F-8F13-5EC834BBF62F}.Debug|x64.ActiveCfg = Debug|x64
		{B0F2366B-E107-488F-8F13-5EC834BBF62F}.Debug|x64.Build.0 = Debug|x64
		{B0F2366B-E107-488F-8F13-5EC834BBF62F}.Debug|x86.ActiveCfg = Debug|Win32
		{B0F2366B-E107-488F-8F13-5EC834BBF62F}.Debug|x86.Build.0 = Debug|Win32
		{B0F2366B-E107-488F-8F13-5EC834BBF62F}.Release|x64.ActiveCfg = Release|x64
		{B0F2366B-E107-488F-8F13-5EC834BBF62F}.Release|x64.Build.0 = Release|x64
		{B0F2366B-E107-488F-8F13-5EC834BBF62F}.Release|x86.ActiveCfg = Release|Win32
		{B0F2366B-E107-488F-8F13-5EC834BBF62F}.Release|x86.Build.0 = Release|Win32
		{C471F634-A03B-4730-A453-9390108BAD9D}.Debug|x64.ActiveCfg = Debug|x64
		{C471F634-A03B-4730-A453-9390108BAD9D}.Debug|x64.Build.0 = Debug|x64
		{C471F634-A03B-4730-A453-9390108BAD9D}.Debug|x86.ActiveCfg = Debug|Win32
		{C471F634-A03B-4730-A453-9390108BAD9D}.Debug|x86.Build.0 = Debug|Win32
		{C471F634-A03B-4730-A453-9390108BAD9D}.Release|x64.ActiveCfg = Release|x64
		{C471F634-A03B-4730-A453-9390108BAD9D}.Release|x64.Build.0 = Release|x64
		{C471F634-A03B-4730-A453-9390108BAD9D}.Release|x86.ActiveCfg = Release|Win32
		{C471F634-A03B-4730-A453-9390108BAD9D}.Release|x86.Build.0 = Release|Win32
		{ADAF8766-557D-4223-B773-34D50D72A95D}.Debug|x64.ActiveCfg = Debug|x64
		{ADAF8766-557D-4223-B773-34D50D72A95D}.Debug|x64.Build.0 = Debug|x64
		{ADAF8766-557D-4223-B773-34D50D72A95D}.Debug|x86.ActiveCfg = Debug|Win32
		{ADAF8766-557D-4223-B773-34D50D72A95D}.Debug|x86.Build.0 = Debug|Win32
		{ADAF8766-557D-4223-B773-34D50D72A95D}.Release|x64.ActiveCfg = Release|x64
		{ADAF8766-557D-4223-B773-34D50D72A95D}.Release|x64.Build.0 = Release|x64
		{ADAF8766-557D-4223-B773-34D50D72A95D}.Release|x86.ActiveCfg = Release|Win32
		{ADAF8766-557D-4223-B773-34D50D72A95D}.Release|x86.Build.0 = Release|Win32
		{0AA0A1BF-5AA4-4A46-A84E-DF1C8B9E72AE}.Debug|x64.ActiveCfg = Debug|x64
		{0AA0A1BF-5AA4-4A46-A84E-DF1C8B9E72AE}.Debug|x64.Build.0 = Debug|x64
		{0AA0A1BF-5AA4-4A46-A84E-DF1C8B9E72AE}.Debug|x86.ActiveCfg = Debug|Win32
		{0AA0A1BF-5AA4-4A46-A84E-DF1C8B9E72AE}.Debug|x86.Build.0 = Debug|Win32
		{0AA0A1BF-5AA4-4A46-A84E-DF1C8B9E72AE}.Release|x64.ActiveCfg = Release|x64
		{0AA0A1BF-5AA4-4A46-A84E-DF1C8B9E72AE}.Release|x64.Build.0 = Release|x64
		{0AA0A1BF-5AA4-4A46-A84E-DF1C8B9E72AE}.Release|x86.ActiveCfg = Release|Win32
		{0AA0A1BF-5AA4-4A46-A84E-DF1C8B9E72AE}.Release|x86.Build.0 = Release|Win32
		{E74051E3-D78A-458F-84DE-6A1509F41A61}.Debug|x64.ActiveCfg = Debug|x64
		{E74051E3-D78A-458F-84DE-6A1509F41A61}.Debug|x64.Build.0 = Debug|x64
		{E74051E3-D78A-458F-84DE-6A1509F41A61}.Debug|x86.ActiveCfg = Debug|Win32
		{E74051E3-D78A-458F-84DE-6A1509F41A61}.Debug|x86.Build.0 = Debug|Win32
		{E74051E3-D78A-458F-84DE-6A1509F41A61}.Release|x64.ActiveCfg = Release|x64
		{E74051E3-D78A-458F-84DE-6A1509F41A61}.Release|x64.Build.0 = Release|x64
		{E74051E3-D78A-458F-84DE-6A1509F41A61}.Release|x86.ActiveCfg = Release|Win32
		{E74051E3-D78A-458F-84DE-6A1509F41A61}.Release|x86.Build.0 = Release|Win32
		{4D4E67AC-EFBD-44E9-8D11-3960F163C1E1}.Debug|x64.ActiveCfg = Debug|x64
		{4D4E67AC-EFBD-44E9-8D11-3960F163C1E1}.Debug|x64.Build.0 = Debug|x64
		{4D4E67AC-EFBD-44E9-8D11-3960F163C1E1}.Debug|x86.ActiveCfg = Debug|Win32
		{4D4E67AC-EFBD-44E9-8D11-3960F163C1E1}.Debug|x86.Build.0 = Debug|Win32
		{4D4E67AC-EFBD-44E9-8D11-3960F163C1E1}.Release|x64.ActiveCfg = Release|x64
		{4D4E67AC-EFBD-44E9-8D11-3960F163C1E1}.Release|x64.Build.0 = Release|x64
		{4D4E67AC-EFBD-44E9-8D11-3960F163C1E1}.Release|x86.ActiveCfg = Release|Win32
		{4D4E67AC-EFBD-44E9-8D11-3960F163C1E1}.Release|x86.Build.0 = Release|Win32
		{5F9ABB82-54B5-48CA-B5A5-12164844F61F}.Debug|x64.ActiveCfg = Debug|x64
		{5F9ABB82-54B5-48CA-B5A5-12164844F61F}.Debug|x64.Build.0 = Debug|x64
		{5F9ABB82-54B5-48CA-B5A5-12164844F61F}.Debug|x86.ActiveCfg = Debug|Win32
		{5F9ABB82-54B5-48CA-B5A5-12164844F61F}.Debug|x86.Build.0 = Debug|Win32
		{5F9ABB82-54B5-48CA-B5A5-12164844F61F}.Release|x64.ActiveCfg = Release|x64
		{5F9ABB82-54B5-48CA-B5A5-12164844F61F}.Release|x64.Build.0 = Release|x64
		{5F9ABB82-54B5-48CA-B5A5-12164844F61F}.Release|x86.ActiveCfg = Release|Win32
		{5F9ABB82-54B5-48CA-B5A5-12164844F61F}.Release|x86.Build.0 = Release|Win32
	EndGlobalSection
	GlobalSection(SolutionProperties) = preSolution
		HideSolutionNode = FALSE
	EndGlobalSection
	GlobalSection(ExtensibilityGlobals) = postSolution
		SolutionGuid = {C29DF61F-AA2D-45BD-B0FF-43012FE0C65E}
	EndGlobalSection
EndGlobal
